{
  "sources": {
    "pantry": {
      "path": "."
    },
    "ssh-util": {
      "locked_version": "0.6.3"
    },
    "solo-search": {
      "locked_version": "0.5.1",
      "git": "git@github.com:edelight/chef-solo-search.git",
      "ref": "d9af94ce60cbe3e5f1d960826e86bff8c03f72fc"
    },
    "wonga_splunk": {
      "locked_version": "0.1.0",
      "git": "git@github.com:QuickbridgeLtd/wonga_splunk_cookbook.git",
      "ref": "d440a0c8f15982d08adfe1fe5a55591d3c621884"
    },
    "apt": {
      "locked_version": "2.3.0"
    },
    "users": {
      "locked_version": "1.6.0"
    },
    "sudo": {
      "locked_version": "2.0.4"
    },
    "ntp": {
      "locked_version": "1.5.4"
    },
    "mysql": {
      "locked_version": "3.0.12"
    },
    "database": {
      "locked_version": "1.5.2"
    },
    "postfix": {
      "locked_version": "3.0.4"
    },
    "application": {
      "locked_version": "2.0.2"
    },
    "application_ruby": {
      "locked_version": "1.1.2"
    },
    "unicorn": {
      "locked_version": "1.2.2"
    },
    "apache2": {
      "locked_version": "1.6.2"
    },
    "passenger_apache2": {
      "locked_version": "2.0.0"
    },
    "build-essential": {
      "locked_version": "1.4.2"
    },
    "runit": {
      "locked_version": "1.1.4"
    },
    "yum": {
      "locked_version": "2.4.4"
    },
    "git": {
      "locked_version": "2.3.0"
    },
    "dmg": {
      "locked_version": "1.1.0"
    },
    "windows": {
      "locked_version": "1.11.0"
    },
    "chef_handler": {
      "locked_version": "1.1.4"
    },
    "openssl": {
      "locked_version": "1.1.0"
    },
    "postgresql": {
      "locked_version": "3.1.0"
    },
    "aws": {
      "locked_version": "0.101.6"
    },
    "xfs": {
      "locked_version": "1.1.0"
    }
  }
}
