DEPENDENCIES
  application
    git: git://github.com/poise/application.git
    revision: e8b315b26cd8865c592e5b8f006ccc8cad654168
  application_ruby
    git: git://github.com/alex-slynko-wonga/application_ruby.git
    revision: c88de4335f16deb32692a3f2e41f9bbf82b4f3cf
    branch: fix_symlink_and_version
  apt
  chef-solo-search
  logrotate (= 1.6.0)
  ntp
  pantry
    path: .
    metadata: true
  postfix
  ssh-util
    git: git://github.com/QuickbridgeLtd/chef-ssh.git
    revision: 0bd58e68d6cdcae49a95a86c298d145df7860b61
    branch: add_windows_support
  sudo
  users
    git: git://github.com/sethvargo-cookbooks/users.git
    revision: fca9a42ab44dadbb98432c931dfc6c049ecc23ce

GRAPH
  apache2 (2.0.0)
    iptables (>= 0.0.0)
    logrotate (>= 0.0.0)
    pacman (>= 0.0.0)
  application (4.1.5)
  application_ruby (3.0.3)
    apache2 (>= 0.0.0)
    application (~> 4.0)
    logrotate (~> 1.0)
    passenger_apache2 (>= 0.0.0)
    runit (~> 1.0)
    unicorn (>= 0.0.0)
  apt (2.6.0)
  aws (2.4.0)
  build-essential (2.0.6)
  chef-solo-search (0.5.1)
  chef-sugar (2.3.0)
  chef_handler (1.1.6)
  database (2.3.0)
    aws (>= 0.0.0)
    mysql (>= 5.0.0)
    mysql-chef_gem (>= 0.0.0)
    postgresql (>= 1.0.0)
    xfs (>= 0.0.0)
  dmg (2.2.0)
  git (4.0.2)
    build-essential (>= 0.0.0)
    dmg (>= 0.0.0)
    runit (>= 1.0.0)
    windows (>= 0.0.0)
    yum (~> 3.0)
    yum-epel (>= 0.0.0)
  iptables (0.14.0)
  logrotate (1.6.0)
  mysql (5.5.3)
    yum-mysql-community (>= 0.0.0)
  mysql-chef_gem (0.0.5)
    build-essential (>= 0.0.0)
    mysql (>= 0.0.0)
  ntp (1.6.5)
  ohai (2.0.1)
  openssl (2.0.0)
    chef-sugar (>= 0.0.0)
  pacman (1.1.1)
  pantry (0.3.6)
    application (>= 0.0.0)
    application_ruby (>= 0.0.0)
    database (>= 0.0.0)
    git (>= 0.0.0)
    mysql (>= 0.0.0)
    mysql-chef_gem (>= 0.0.0)
    passenger_apache2 (>= 0.0.0)
    rbenv (>= 0.0.0)
    runit (>= 0.0.0)
    ssh-util (>= 0.0.0)
    users (>= 0.0.0)
  passenger_apache2 (2.2.2)
    apache2 (>= 1.0.4)
    build-essential (>= 0.0.0)
  postfix (3.6.0)
  postgresql (3.4.6)
    apt (>= 1.9.0)
    build-essential (>= 0.0.0)
    openssl (>= 0.0.0)
  rbenv (1.7.1)
    apt (>= 0.0.0)
    build-essential (>= 0.0.0)
    git (>= 0.0.0)
    ohai (>= 1.1)
  runit (1.5.10)
    build-essential (>= 0.0.0)
    yum (~> 3.0)
    yum-epel (>= 0.0.0)
  ssh-util (0.6.6)
  sudo (2.7.1)
  unicorn (2.0.0)
  users (1.7.1)
  windows (1.34.6)
    chef_handler (>= 0.0.0)
  xfs (1.1.0)
  yum (3.3.2)
  yum-epel (0.5.1)
    yum (~> 3.0)
  yum-mysql-community (0.1.10)
    yum (>= 3.0)
